// !$*UTF8*$!
{
	archiveVersion = 1;
	classes = {
	};
	objectVersion = 51;
	objects = {

/* Begin PBXBuildFile section */
		4646377C216FDE4B00E7FF73 /* AppDelegate.swift in Sources */ = {isa = PBXBuildFile; fileRef = 4646377B216FDE4B00E7FF73 /* AppDelegate.swift */; };
		46463781216FDE4B00E7FF73 /* Main.storyboard in Resources */ = {isa = PBXBuildFile; fileRef = 4646377F216FDE4B00E7FF73 /* Main.storyboard */; };
		46463783216FDE4C00E7FF73 /* Assets.xcassets in Resources */ = {isa = PBXBuildFile; fileRef = 46463782216FDE4C00E7FF73 /* Assets.xcassets */; };
		46463786216FDE4C00E7FF73 /* LaunchScreen.storyboard in Resources */ = {isa = PBXBuildFile; fileRef = 46463784216FDE4C00E7FF73 /* LaunchScreen.storyboard */; };
		46463790216FFD1B00E7FF73 /* Post.swift in Sources */ = {isa = PBXBuildFile; fileRef = 4646378F216FFD1B00E7FF73 /* Post.swift */; };
		46463792216FFDD900E7FF73 /* Comment.swift in Sources */ = {isa = PBXBuildFile; fileRef = 46463791216FFDD900E7FF73 /* Comment.swift */; };
		464637992170048900E7FF73 /* FirebaseConvertible.swift in Sources */ = {isa = PBXBuildFile; fileRef = 464637982170048900E7FF73 /* FirebaseConvertible.swift */; };
		4646379C2170091A00E7FF73 /* PostController.swift in Sources */ = {isa = PBXBuildFile; fileRef = 4646379B2170091A00E7FF73 /* PostController.swift */; };
		46A0366A21700F5100E7FF73 /* PostsCollectionViewController.swift in Sources */ = {isa = PBXBuildFile; fileRef = 46A0366921700F5100E7FF73 /* PostsCollectionViewController.swift */; };
		46A0366D2170158900E7FF73 /* SignInViewController.swift in Sources */ = {isa = PBXBuildFile; fileRef = 46A0366C2170158900E7FF73 /* SignInViewController.swift */; };
		46CFE6F32170757F00E7FF73 /* User+DictionaryRepresentation.swift in Sources */ = {isa = PBXBuildFile; fileRef = 46CFE6F22170757F00E7FF73 /* User+DictionaryRepresentation.swift */; };
		46CFE6F521707D0000E7FF73 /* ImagePostViewController.swift in Sources */ = {isa = PBXBuildFile; fileRef = 46CFE6F421707D0000E7FF73 /* ImagePostViewController.swift */; };
		46CFE6F721707FA600E7FF73 /* UIViewController+InformationalAlert.swift in Sources */ = {isa = PBXBuildFile; fileRef = 46CFE6F621707FA600E7FF73 /* UIViewController+InformationalAlert.swift */; };
		46CFE6F92170862C00E7FF73 /* ShiftableViewController.swift in Sources */ = {isa = PBXBuildFile; fileRef = 46CFE6F82170862C00E7FF73 /* ShiftableViewController.swift */; };
		46CFE6FB21714E6100E7FF73 /* Author.swift in Sources */ = {isa = PBXBuildFile; fileRef = 46CFE6FA21714E6100E7FF73 /* Author.swift */; };
		46CFE6FD217154F500E7FF73 /* Networking.swift in Sources */ = {isa = PBXBuildFile; fileRef = 46CFE6FC217154F500E7FF73 /* Networking.swift */; };
		46CFE6FF2171556D00E7FF73 /* ConcurrentOperation.swift in Sources */ = {isa = PBXBuildFile; fileRef = 46CFE6FE2171556D00E7FF73 /* ConcurrentOperation.swift */; };
		46CFE7012171559500E7FF73 /* FetchMediaOperation.swift in Sources */ = {isa = PBXBuildFile; fileRef = 46CFE7002171559500E7FF73 /* FetchMediaOperation.swift */; };
		46CFE7032171572600E7FF73 /* ImagePostCollectionViewCell.swift in Sources */ = {isa = PBXBuildFile; fileRef = 46CFE7022171572600E7FF73 /* ImagePostCollectionViewCell.swift */; };
		46D571F32172D43B00E7FF73 /* Cache.swift in Sources */ = {isa = PBXBuildFile; fileRef = 46D571F22172D43B00E7FF73 /* Cache.swift */; };
		46D571F52173CF3E00E7FF73 /* UIImage+Ratio.swift in Sources */ = {isa = PBXBuildFile; fileRef = 46D571F42173CF3E00E7FF73 /* UIImage+Ratio.swift */; };
		46D571F82173FC2700E7FF73 /* ImagePostDetailTableViewController.swift in Sources */ = {isa = PBXBuildFile; fileRef = 46D571F72173FC2700E7FF73 /* ImagePostDetailTableViewController.swift */; };
		E35AFD1B23D2A71600988FA2 /* AudioCommentViewController.swift in Sources */ = {isa = PBXBuildFile; fileRef = E35AFD1A23D2A71600988FA2 /* AudioCommentViewController.swift */; };
		E35AFD1D23D3F20800988FA2 /* Extensions.swift in Sources */ = {isa = PBXBuildFile; fileRef = E35AFD1C23D3F20800988FA2 /* Extensions.swift */; };
		E35AFD2223D3F35600988FA2 /* RecordButtonKit.swift in Sources */ = {isa = PBXBuildFile; fileRef = E35AFD2123D3F35600988FA2 /* RecordButtonKit.swift */; };
		E35AFD2423D3F36B00988FA2 /* RecordButton.swift in Sources */ = {isa = PBXBuildFile; fileRef = E35AFD2323D3F36B00988FA2 /* RecordButton.swift */; };
		E35AFD2923D3F8CD00988FA2 /* AudioVisualizerView.swift in Sources */ = {isa = PBXBuildFile; fileRef = E35AFD2823D3F8CD00988FA2 /* AudioVisualizerView.swift */; };
		E3EF872E23CFFF3E00478D72 /* GoogleService-Info.plist in Resources */ = {isa = PBXBuildFile; fileRef = E3EF872D23CFFF3E00478D72 /* GoogleService-Info.plist */; };
		E453457955DF907FCBD117F1 /* Pods_LambdaTimeline.framework in Frameworks */ = {isa = PBXBuildFile; fileRef = AA39CACB677861CF84322FB5 /* Pods_LambdaTimeline.framework */; };
/* End PBXBuildFile section */

/* Begin PBXFileReference section */
		33A2B89DE9E21538434BD640 /* Pods-LambdaTimeline.debug.xcconfig */ = {isa = PBXFileReference; includeInIndex = 1; lastKnownFileType = text.xcconfig; name = "Pods-LambdaTimeline.debug.xcconfig"; path = "Pods/Target Support Files/Pods-LambdaTimeline/Pods-LambdaTimeline.debug.xcconfig"; sourceTree = "<group>"; };
		46463778216FDE4B00E7FF73 /* LambdaTimeline.app */ = {isa = PBXFileReference; explicitFileType = wrapper.application; includeInIndex = 0; path = LambdaTimeline.app; sourceTree = BUILT_PRODUCTS_DIR; };
		4646377B216FDE4B00E7FF73 /* AppDelegate.swift */ = {isa = PBXFileReference; lastKnownFileType = sourcecode.swift; path = AppDelegate.swift; sourceTree = "<group>"; };
		46463780216FDE4B00E7FF73 /* Base */ = {isa = PBXFileReference; lastKnownFileType = file.storyboard; name = Base; path = Base.lproj/Main.storyboard; sourceTree = "<group>"; };
		46463782216FDE4C00E7FF73 /* Assets.xcassets */ = {isa = PBXFileReference; lastKnownFileType = folder.assetcatalog; path = Assets.xcassets; sourceTree = "<group>"; };
		46463785216FDE4C00E7FF73 /* Base */ = {isa = PBXFileReference; lastKnownFileType = file.storyboard; name = Base; path = Base.lproj/LaunchScreen.storyboard; sourceTree = "<group>"; };
		46463787216FDE4C00E7FF73 /* Info.plist */ = {isa = PBXFileReference; lastKnownFileType = text.plist.xml; path = Info.plist; sourceTree = "<group>"; };
		4646378F216FFD1B00E7FF73 /* Post.swift */ = {isa = PBXFileReference; lastKnownFileType = sourcecode.swift; path = Post.swift; sourceTree = "<group>"; };
		46463791216FFDD900E7FF73 /* Comment.swift */ = {isa = PBXFileReference; lastKnownFileType = sourcecode.swift; path = Comment.swift; sourceTree = "<group>"; };
		464637982170048900E7FF73 /* FirebaseConvertible.swift */ = {isa = PBXFileReference; lastKnownFileType = sourcecode.swift; path = FirebaseConvertible.swift; sourceTree = "<group>"; };
		4646379B2170091A00E7FF73 /* PostController.swift */ = {isa = PBXFileReference; lastKnownFileType = sourcecode.swift; path = PostController.swift; sourceTree = "<group>"; };
		46A0366921700F5100E7FF73 /* PostsCollectionViewController.swift */ = {isa = PBXFileReference; lastKnownFileType = sourcecode.swift; path = PostsCollectionViewController.swift; sourceTree = "<group>"; };
		46A0366C2170158900E7FF73 /* SignInViewController.swift */ = {isa = PBXFileReference; lastKnownFileType = sourcecode.swift; path = SignInViewController.swift; sourceTree = "<group>"; };
		46CFE6F22170757F00E7FF73 /* User+DictionaryRepresentation.swift */ = {isa = PBXFileReference; lastKnownFileType = sourcecode.swift; path = "User+DictionaryRepresentation.swift"; sourceTree = "<group>"; };
		46CFE6F421707D0000E7FF73 /* ImagePostViewController.swift */ = {isa = PBXFileReference; lastKnownFileType = sourcecode.swift; path = ImagePostViewController.swift; sourceTree = "<group>"; };
		46CFE6F621707FA600E7FF73 /* UIViewController+InformationalAlert.swift */ = {isa = PBXFileReference; lastKnownFileType = sourcecode.swift; path = "UIViewController+InformationalAlert.swift"; sourceTree = "<group>"; };
		46CFE6F82170862C00E7FF73 /* ShiftableViewController.swift */ = {isa = PBXFileReference; lastKnownFileType = sourcecode.swift; path = ShiftableViewController.swift; sourceTree = "<group>"; };
		46CFE6FA21714E6100E7FF73 /* Author.swift */ = {isa = PBXFileReference; lastKnownFileType = sourcecode.swift; path = Author.swift; sourceTree = "<group>"; };
		46CFE6FC217154F500E7FF73 /* Networking.swift */ = {isa = PBXFileReference; lastKnownFileType = sourcecode.swift; path = Networking.swift; sourceTree = "<group>"; };
		46CFE6FE2171556D00E7FF73 /* ConcurrentOperation.swift */ = {isa = PBXFileReference; lastKnownFileType = sourcecode.swift; path = ConcurrentOperation.swift; sourceTree = "<group>"; };
		46CFE7002171559500E7FF73 /* FetchMediaOperation.swift */ = {isa = PBXFileReference; lastKnownFileType = sourcecode.swift; path = FetchMediaOperation.swift; sourceTree = "<group>"; };
		46CFE7022171572600E7FF73 /* ImagePostCollectionViewCell.swift */ = {isa = PBXFileReference; lastKnownFileType = sourcecode.swift; path = ImagePostCollectionViewCell.swift; sourceTree = "<group>"; };
		46D571F22172D43B00E7FF73 /* Cache.swift */ = {isa = PBXFileReference; lastKnownFileType = sourcecode.swift; path = Cache.swift; sourceTree = "<group>"; };
		46D571F42173CF3E00E7FF73 /* UIImage+Ratio.swift */ = {isa = PBXFileReference; lastKnownFileType = sourcecode.swift; path = "UIImage+Ratio.swift"; sourceTree = "<group>"; };
		46D571F72173FC2700E7FF73 /* ImagePostDetailTableViewController.swift */ = {isa = PBXFileReference; lastKnownFileType = sourcecode.swift; path = ImagePostDetailTableViewController.swift; sourceTree = "<group>"; };
		5D2CCD6C68779B0A70AC37FA /* Pods-LambdaTimeline.release.xcconfig */ = {isa = PBXFileReference; includeInIndex = 1; lastKnownFileType = text.xcconfig; name = "Pods-LambdaTimeline.release.xcconfig"; path = "Pods/Target Support Files/Pods-LambdaTimeline/Pods-LambdaTimeline.release.xcconfig"; sourceTree = "<group>"; };
		AA39CACB677861CF84322FB5 /* Pods_LambdaTimeline.framework */ = {isa = PBXFileReference; explicitFileType = wrapper.framework; includeInIndex = 0; path = Pods_LambdaTimeline.framework; sourceTree = BUILT_PRODUCTS_DIR; };
		E35AFD1A23D2A71600988FA2 /* AudioCommentViewController.swift */ = {isa = PBXFileReference; lastKnownFileType = sourcecode.swift; path = AudioCommentViewController.swift; sourceTree = "<group>"; };
		E35AFD1C23D3F20800988FA2 /* Extensions.swift */ = {isa = PBXFileReference; lastKnownFileType = sourcecode.swift; path = Extensions.swift; sourceTree = "<group>"; };
		E35AFD2123D3F35600988FA2 /* RecordButtonKit.swift */ = {isa = PBXFileReference; lastKnownFileType = sourcecode.swift; path = RecordButtonKit.swift; sourceTree = "<group>"; };
		E35AFD2323D3F36B00988FA2 /* RecordButton.swift */ = {isa = PBXFileReference; lastKnownFileType = sourcecode.swift; path = RecordButton.swift; sourceTree = "<group>"; };
		E35AFD2623D3F46A00988FA2 /* LambdaTimeline-Bridging-Header.h */ = {isa = PBXFileReference; lastKnownFileType = sourcecode.c.h; path = "LambdaTimeline-Bridging-Header.h"; sourceTree = "<group>"; };
		E35AFD2823D3F8CD00988FA2 /* AudioVisualizerView.swift */ = {isa = PBXFileReference; lastKnownFileType = sourcecode.swift; path = AudioVisualizerView.swift; sourceTree = "<group>"; };
		E3EF872D23CFFF3E00478D72 /* GoogleService-Info.plist */ = {isa = PBXFileReference; fileEncoding = 4; lastKnownFileType = text.plist.xml; path = "GoogleService-Info.plist"; sourceTree = "<group>"; };
/* End PBXFileReference section */

/* Begin PBXFrameworksBuildPhase section */
		46463775216FDE4B00E7FF73 /* Frameworks */ = {
			isa = PBXFrameworksBuildPhase;
			buildActionMask = 2147483647;
			files = (
				E453457955DF907FCBD117F1 /* Pods_LambdaTimeline.framework in Frameworks */,
			);
			runOnlyForDeploymentPostprocessing = 0;
		};
/* End PBXFrameworksBuildPhase section */

/* Begin PBXGroup section */
		2B7D7DE8669C7C706445FCCC /* Pods */ = {
			isa = PBXGroup;
			children = (
				33A2B89DE9E21538434BD640 /* Pods-LambdaTimeline.debug.xcconfig */,
				5D2CCD6C68779B0A70AC37FA /* Pods-LambdaTimeline.release.xcconfig */,
			);
			name = Pods;
			sourceTree = "<group>";
		};
		4646376F216FDE4B00E7FF73 = {
			isa = PBXGroup;
			children = (
				4646377A216FDE4B00E7FF73 /* LambdaTimeline */,
				46463779216FDE4B00E7FF73 /* Products */,
				2B7D7DE8669C7C706445FCCC /* Pods */,
				7C2A25429FC0F968FC1D35E7 /* Frameworks */,
			);
			sourceTree = "<group>";
		};
		46463779216FDE4B00E7FF73 /* Products */ = {
			isa = PBXGroup;
			children = (
				46463778216FDE4B00E7FF73 /* LambdaTimeline.app */,
			);
			name = Products;
			sourceTree = "<group>";
		};
		4646377A216FDE4B00E7FF73 /* LambdaTimeline */ = {
			isa = PBXGroup;
			children = (
				E35AFD2723D3F8B200988FA2 /* Custom Views */,
				E35AFD2523D3F43400988FA2 /* Objective-C Bridge */,
				E35AFD1E23D3F2FE00988FA2 /* Controllers */,
				E3EF872D23CFFF3E00478D72 /* GoogleService-Info.plist */,
				46CFE7042171572900E7FF73 /* Views */,
				46A0366B21700F6100E7FF73 /* View Controllers */,
				4646379A2170090900E7FF73 /* Model Controllers */,
				46463795216FFF5800E7FF73 /* Models */,
				46463797216FFF7400E7FF73 /* Storyboards */,
				46CFE7062171573F00E7FF73 /* Helpers */,
				46463796216FFF6900E7FF73 /* Resources */,
			);
			path = LambdaTimeline;
			sourceTree = "<group>";
		};
		46463795216FFF5800E7FF73 /* Models */ = {
			isa = PBXGroup;
			children = (
				4646378F216FFD1B00E7FF73 /* Post.swift */,
				46CFE6FA21714E6100E7FF73 /* Author.swift */,
				46463791216FFDD900E7FF73 /* Comment.swift */,
			);
			path = Models;
			sourceTree = "<group>";
		};
		46463796216FFF6900E7FF73 /* Resources */ = {
			isa = PBXGroup;
			children = (
				4646377B216FDE4B00E7FF73 /* AppDelegate.swift */,
				46463782216FDE4C00E7FF73 /* Assets.xcassets */,
				46463787216FDE4C00E7FF73 /* Info.plist */,
			);
			path = Resources;
			sourceTree = "<group>";
		};
		46463797216FFF7400E7FF73 /* Storyboards */ = {
			isa = PBXGroup;
			children = (
				4646377F216FDE4B00E7FF73 /* Main.storyboard */,
				46463784216FDE4C00E7FF73 /* LaunchScreen.storyboard */,
			);
			path = Storyboards;
			sourceTree = "<group>";
		};
		4646379A2170090900E7FF73 /* Model Controllers */ = {
			isa = PBXGroup;
			children = (
				4646379B2170091A00E7FF73 /* PostController.swift */,
			);
			path = "Model Controllers";
			sourceTree = "<group>";
		};
		46A0366B21700F6100E7FF73 /* View Controllers */ = {
			isa = PBXGroup;
			children = (
				46A0366C2170158900E7FF73 /* SignInViewController.swift */,
				46A0366921700F5100E7FF73 /* PostsCollectionViewController.swift */,
				46CFE6F421707D0000E7FF73 /* ImagePostViewController.swift */,
				46D571F72173FC2700E7FF73 /* ImagePostDetailTableViewController.swift */,
				E35AFD1A23D2A71600988FA2 /* AudioCommentViewController.swift */,
			);
			path = "View Controllers";
			sourceTree = "<group>";
		};
		46CFE7042171572900E7FF73 /* Views */ = {
			isa = PBXGroup;
			children = (
				46CFE7022171572600E7FF73 /* ImagePostCollectionViewCell.swift */,
			);
			path = Views;
			sourceTree = "<group>";
		};
		46CFE7052171573200E7FF73 /* Operations */ = {
			isa = PBXGroup;
			children = (
				46CFE7002171559500E7FF73 /* FetchMediaOperation.swift */,
				46CFE6FE2171556D00E7FF73 /* ConcurrentOperation.swift */,
			);
			path = Operations;
			sourceTree = "<group>";
		};
		46CFE7062171573F00E7FF73 /* Helpers */ = {
			isa = PBXGroup;
			children = (
				46CFE7052171573200E7FF73 /* Operations */,
				46D571F62173D6D200E7FF73 /* Extensions */,
				46D571F22172D43B00E7FF73 /* Cache.swift */,
				464637982170048900E7FF73 /* FirebaseConvertible.swift */,
				46CFE6FC217154F500E7FF73 /* Networking.swift */,
				46CFE6F82170862C00E7FF73 /* ShiftableViewController.swift */,
			);
			path = Helpers;
			sourceTree = "<group>";
		};
		46D571F62173D6D200E7FF73 /* Extensions */ = {
			isa = PBXGroup;
			children = (
				46CFE6F22170757F00E7FF73 /* User+DictionaryRepresentation.swift */,
				46D571F42173CF3E00E7FF73 /* UIImage+Ratio.swift */,
				46CFE6F621707FA600E7FF73 /* UIViewController+InformationalAlert.swift */,
				E35AFD1C23D3F20800988FA2 /* Extensions.swift */,
			);
			path = Extensions;
			sourceTree = "<group>";
		};
		7C2A25429FC0F968FC1D35E7 /* Frameworks */ = {
			isa = PBXGroup;
			children = (
				AA39CACB677861CF84322FB5 /* Pods_LambdaTimeline.framework */,
			);
			name = Frameworks;
			sourceTree = "<group>";
		};
		E35AFD1E23D3F2FE00988FA2 /* Controllers */ = {
			isa = PBXGroup;
			children = (
				E35AFD1F23D3F31200988FA2 /* Recorder View */,
			);
			path = Controllers;
			sourceTree = "<group>";
		};
		E35AFD1F23D3F31200988FA2 /* Recorder View */ = {
			isa = PBXGroup;
			children = (
				E35AFD2023D3F33700988FA2 /* Recording Button */,
			);
			path = "Recorder View";
			sourceTree = "<group>";
		};
		E35AFD2023D3F33700988FA2 /* Recording Button */ = {
			isa = PBXGroup;
			children = (
				E35AFD2123D3F35600988FA2 /* RecordButtonKit.swift */,
				E35AFD2323D3F36B00988FA2 /* RecordButton.swift */,
			);
			path = "Recording Button";
			sourceTree = "<group>";
		};
		E35AFD2523D3F43400988FA2 /* Objective-C Bridge */ = {
			isa = PBXGroup;
			children = (
				E35AFD2623D3F46A00988FA2 /* LambdaTimeline-Bridging-Header.h */,
			);
			path = "Objective-C Bridge";
			sourceTree = "<group>";
		};
		E35AFD2723D3F8B200988FA2 /* Custom Views */ = {
			isa = PBXGroup;
			children = (
				E35AFD2823D3F8CD00988FA2 /* AudioVisualizerView.swift */,
			);
			path = "Custom Views";
			sourceTree = "<group>";
		};
/* End PBXGroup section */

/* Begin PBXNativeTarget section */
		46463777216FDE4B00E7FF73 /* LambdaTimeline */ = {
			isa = PBXNativeTarget;
			buildConfigurationList = 4646378A216FDE4C00E7FF73 /* Build configuration list for PBXNativeTarget "LambdaTimeline" */;
			buildPhases = (
				4E9D00EBF902E9530D554E98 /* [CP] Check Pods Manifest.lock */,
				46463774216FDE4B00E7FF73 /* Sources */,
				46463775216FDE4B00E7FF73 /* Frameworks */,
				46463776216FDE4B00E7FF73 /* Resources */,
				931381193B5D2856F9B0CA8C /* [CP] Embed Pods Frameworks */,
				8108F7AF1127B3F2AAFC77E1 /* [CP] Copy Pods Resources */,
			);
			buildRules = (
			);
			dependencies = (
			);
			name = LambdaTimeline;
			productName = LambdaTimeline;
			productReference = 46463778216FDE4B00E7FF73 /* LambdaTimeline.app */;
			productType = "com.apple.product-type.application";
		};
/* End PBXNativeTarget section */

/* Begin PBXProject section */
		46463770216FDE4B00E7FF73 /* Project object */ = {
			isa = PBXProject;
			attributes = {
				LastSwiftUpdateCheck = 1000;
				LastUpgradeCheck = 1000;
				ORGANIZATIONNAME = "Lambda School";
				TargetAttributes = {
					46463777216FDE4B00E7FF73 = {
						CreatedOnToolsVersion = 10.0;
					};
				};
			};
			buildConfigurationList = 46463773216FDE4B00E7FF73 /* Build configuration list for PBXProject "LambdaTimeline" */;
			compatibilityVersion = "Xcode 9.3";
			developmentRegion = en;
			hasScannedForEncodings = 0;
			knownRegions = (
				en,
				Base,
			);
			mainGroup = 4646376F216FDE4B00E7FF73;
			productRefGroup = 46463779216FDE4B00E7FF73 /* Products */;
			projectDirPath = "";
			projectRoot = "";
			targets = (
				46463777216FDE4B00E7FF73 /* LambdaTimeline */,
			);
		};
/* End PBXProject section */

/* Begin PBXResourcesBuildPhase section */
		46463776216FDE4B00E7FF73 /* Resources */ = {
			isa = PBXResourcesBuildPhase;
			buildActionMask = 2147483647;
			files = (
				46463786216FDE4C00E7FF73 /* LaunchScreen.storyboard in Resources */,
				46463783216FDE4C00E7FF73 /* Assets.xcassets in Resources */,
				E3EF872E23CFFF3E00478D72 /* GoogleService-Info.plist in Resources */,
				46463781216FDE4B00E7FF73 /* Main.storyboard in Resources */,
			);
			runOnlyForDeploymentPostprocessing = 0;
		};
/* End PBXResourcesBuildPhase section */

/* Begin PBXShellScriptBuildPhase section */
		4E9D00EBF902E9530D554E98 /* [CP] Check Pods Manifest.lock */ = {
			isa = PBXShellScriptBuildPhase;
			buildActionMask = 2147483647;
			files = (
			);
			inputFileListPaths = (
			);
			inputPaths = (
				"${PODS_PODFILE_DIR_PATH}/Podfile.lock",
				"${PODS_ROOT}/Manifest.lock",
			);
			name = "[CP] Check Pods Manifest.lock";
			outputFileListPaths = (
			);
			outputPaths = (
				"$(DERIVED_FILE_DIR)/Pods-LambdaTimeline-checkManifestLockResult.txt",
			);
			runOnlyForDeploymentPostprocessing = 0;
			shellPath = /bin/sh;
			shellScript = "diff \"${PODS_PODFILE_DIR_PATH}/Podfile.lock\" \"${PODS_ROOT}/Manifest.lock\" > /dev/null\nif [ $? != 0 ] ; then\n    # print error to STDERR\n    echo \"error: The sandbox is not in sync with the Podfile.lock. Run 'pod install' or update your CocoaPods installation.\" >&2\n    exit 1\nfi\n# This output is used by Xcode 'outputs' to avoid re-running this script phase.\necho \"SUCCESS\" > \"${SCRIPT_OUTPUT_FILE_0}\"\n";
			showEnvVarsInLog = 0;
		};
		8108F7AF1127B3F2AAFC77E1 /* [CP] Copy Pods Resources */ = {
			isa = PBXShellScriptBuildPhase;
			buildActionMask = 2147483647;
			files = (
			);
			inputFileListPaths = (
				"${PODS_ROOT}/Target Support Files/Pods-LambdaTimeline/Pods-LambdaTimeline-resources-${CONFIGURATION}-input-files.xcfilelist",
			);
			name = "[CP] Copy Pods Resources";
			outputFileListPaths = (
				"${PODS_ROOT}/Target Support Files/Pods-LambdaTimeline/Pods-LambdaTimeline-resources-${CONFIGURATION}-output-files.xcfilelist",
			);
			runOnlyForDeploymentPostprocessing = 0;
			shellPath = /bin/sh;
			shellScript = "\"${PODS_ROOT}/Target Support Files/Pods-LambdaTimeline/Pods-LambdaTimeline-resources.sh\"\n";
			showEnvVarsInLog = 0;
		};
		931381193B5D2856F9B0CA8C /* [CP] Embed Pods Frameworks */ = {
			isa = PBXShellScriptBuildPhase;
			buildActionMask = 2147483647;
			files = (
			);
			inputFileListPaths = (
				"${PODS_ROOT}/Target Support Files/Pods-LambdaTimeline/Pods-LambdaTimeline-frameworks-${CONFIGURATION}-input-files.xcfilelist",
			);
			name = "[CP] Embed Pods Frameworks";
			outputFileListPaths = (
				"${PODS_ROOT}/Target Support Files/Pods-LambdaTimeline/Pods-LambdaTimeline-frameworks-${CONFIGURATION}-output-files.xcfilelist",
			);
			runOnlyForDeploymentPostprocessing = 0;
			shellPath = /bin/sh;
			shellScript = "\"${PODS_ROOT}/Target Support Files/Pods-LambdaTimeline/Pods-LambdaTimeline-frameworks.sh\"\n";
			showEnvVarsInLog = 0;
		};
/* End PBXShellScriptBuildPhase section */

/* Begin PBXSourcesBuildPhase section */
		46463774216FDE4B00E7FF73 /* Sources */ = {
			isa = PBXSourcesBuildPhase;
			buildActionMask = 2147483647;
			files = (
				46A0366D2170158900E7FF73 /* SignInViewController.swift in Sources */,
				E35AFD2223D3F35600988FA2 /* RecordButtonKit.swift in Sources */,
				46CFE6FB21714E6100E7FF73 /* Author.swift in Sources */,
				46CFE6F92170862C00E7FF73 /* ShiftableViewController.swift in Sources */,
				4646377C216FDE4B00E7FF73 /* AppDelegate.swift in Sources */,
				46CFE6FD217154F500E7FF73 /* Networking.swift in Sources */,
				46CFE6F521707D0000E7FF73 /* ImagePostViewController.swift in Sources */,
				E35AFD1B23D2A71600988FA2 /* AudioCommentViewController.swift in Sources */,
				46CFE6FF2171556D00E7FF73 /* ConcurrentOperation.swift in Sources */,
				46463790216FFD1B00E7FF73 /* Post.swift in Sources */,
				46CFE6F32170757F00E7FF73 /* User+DictionaryRepresentation.swift in Sources */,
				46D571F32172D43B00E7FF73 /* Cache.swift in Sources */,
				46CFE7012171559500E7FF73 /* FetchMediaOperation.swift in Sources */,
				46D571F82173FC2700E7FF73 /* ImagePostDetailTableViewController.swift in Sources */,
				E35AFD1D23D3F20800988FA2 /* Extensions.swift in Sources */,
				E35AFD2923D3F8CD00988FA2 /* AudioVisualizerView.swift in Sources */,
				46CFE7032171572600E7FF73 /* ImagePostCollectionViewCell.swift in Sources */,
				4646379C2170091A00E7FF73 /* PostController.swift in Sources */,
				464637992170048900E7FF73 /* FirebaseConvertible.swift in Sources */,
				46A0366A21700F5100E7FF73 /* PostsCollectionViewController.swift in Sources */,
				46D571F52173CF3E00E7FF73 /* UIImage+Ratio.swift in Sources */,
				46463792216FFDD900E7FF73 /* Comment.swift in Sources */,
				E35AFD2423D3F36B00988FA2 /* RecordButton.swift in Sources */,
				46CFE6F721707FA600E7FF73 /* UIViewController+InformationalAlert.swift in Sources */,
			);
			runOnlyForDeploymentPostprocessing = 0;
		};
/* End PBXSourcesBuildPhase section */

/* Begin PBXVariantGroup section */
		4646377F216FDE4B00E7FF73 /* Main.storyboard */ = {
			isa = PBXVariantGroup;
			children = (
				46463780216FDE4B00E7FF73 /* Base */,
			);
			name = Main.storyboard;
			sourceTree = "<group>";
		};
		46463784216FDE4C00E7FF73 /* LaunchScreen.storyboard */ = {
			isa = PBXVariantGroup;
			children = (
				46463785216FDE4C00E7FF73 /* Base */,
			);
			name = LaunchScreen.storyboard;
			sourceTree = "<group>";
		};
/* End PBXVariantGroup section */

/* Begin XCBuildConfiguration section */
		46463788216FDE4C00E7FF73 /* Debug */ = {
			isa = XCBuildConfiguration;
			buildSettings = {
				ALWAYS_SEARCH_USER_PATHS = NO;
				CLANG_ANALYZER_NONNULL = YES;
				CLANG_ANALYZER_NUMBER_OBJECT_CONVERSION = YES_AGGRESSIVE;
				CLANG_CXX_LANGUAGE_STANDARD = "gnu++14";
				CLANG_CXX_LIBRARY = "libc++";
				CLANG_ENABLE_MODULES = YES;
				CLANG_ENABLE_OBJC_ARC = YES;
				CLANG_ENABLE_OBJC_WEAK = YES;
				CLANG_WARN_BLOCK_CAPTURE_AUTORELEASING = YES;
				CLANG_WARN_BOOL_CONVERSION = YES;
				CLANG_WARN_COMMA = YES;
				CLANG_WARN_CONSTANT_CONVERSION = YES;
				CLANG_WARN_DEPRECATED_OBJC_IMPLEMENTATIONS = YES;
				CLANG_WARN_DIRECT_OBJC_ISA_USAGE = YES_ERROR;
				CLANG_WARN_DOCUMENTATION_COMMENTS = YES;
				CLANG_WARN_EMPTY_BODY = YES;
				CLANG_WARN_ENUM_CONVERSION = YES;
				CLANG_WARN_INFINITE_RECURSION = YES;
				CLANG_WARN_INT_CONVERSION = YES;
				CLANG_WARN_NON_LITERAL_NULL_CONVERSION = YES;
				CLANG_WARN_OBJC_IMPLICIT_RETAIN_SELF = YES;
				CLANG_WARN_OBJC_LITERAL_CONVERSION = YES;
				CLANG_WARN_OBJC_ROOT_CLASS = YES_ERROR;
				CLANG_WARN_RANGE_LOOP_ANALYSIS = YES;
				CLANG_WARN_STRICT_PROTOTYPES = YES;
				CLANG_WARN_SUSPICIOUS_MOVE = YES;
				CLANG_WARN_UNGUARDED_AVAILABILITY = YES_AGGRESSIVE;
				CLANG_WARN_UNREACHABLE_CODE = YES;
				CLANG_WARN__DUPLICATE_METHOD_MATCH = YES;
				CODE_SIGN_IDENTITY = "iPhone Developer";
				COPY_PHASE_STRIP = NO;
				DEBUG_INFORMATION_FORMAT = dwarf;
				ENABLE_STRICT_OBJC_MSGSEND = YES;
				ENABLE_TESTABILITY = YES;
				GCC_C_LANGUAGE_STANDARD = gnu11;
				GCC_DYNAMIC_NO_PIC = NO;
				GCC_NO_COMMON_BLOCKS = YES;
				GCC_OPTIMIZATION_LEVEL = 0;
				GCC_PREPROCESSOR_DEFINITIONS = (
					"DEBUG=1",
					"$(inherited)",
				);
				GCC_WARN_64_TO_32_BIT_CONVERSION = YES;
				GCC_WARN_ABOUT_RETURN_TYPE = YES_ERROR;
				GCC_WARN_UNDECLARED_SELECTOR = YES;
				GCC_WARN_UNINITIALIZED_AUTOS = YES_AGGRESSIVE;
				GCC_WARN_UNUSED_FUNCTION = YES;
				GCC_WARN_UNUSED_VARIABLE = YES;
				IPHONEOS_DEPLOYMENT_TARGET = 12.0;
				MTL_ENABLE_DEBUG_INFO = INCLUDE_SOURCE;
				MTL_FAST_MATH = YES;
				ONLY_ACTIVE_ARCH = YES;
				SDKROOT = iphoneos;
				SWIFT_ACTIVE_COMPILATION_CONDITIONS = DEBUG;
				SWIFT_OPTIMIZATION_LEVEL = "-Onone";
			};
			name = Debug;
		};
		46463789216FDE4C00E7FF73 /* Release */ = {
			isa = XCBuildConfiguration;
			buildSettings = {
				ALWAYS_SEARCH_USER_PATHS = NO;
				CLANG_ANALYZER_NONNULL = YES;
				CLANG_ANALYZER_NUMBER_OBJECT_CONVERSION = YES_AGGRESSIVE;
				CLANG_CXX_LANGUAGE_STANDARD = "gnu++14";
				CLANG_CXX_LIBRARY = "libc++";
				CLANG_ENABLE_MODULES = YES;
				CLANG_ENABLE_OBJC_ARC = YES;
				CLANG_ENABLE_OBJC_WEAK = YES;
				CLANG_WARN_BLOCK_CAPTURE_AUTORELEASING = YES;
				CLANG_WARN_BOOL_CONVERSION = YES;
				CLANG_WARN_COMMA = YES;
				CLANG_WARN_CONSTANT_CONVERSION = YES;
				CLANG_WARN_DEPRECATED_OBJC_IMPLEMENTATIONS = YES;
				CLANG_WARN_DIRECT_OBJC_ISA_USAGE = YES_ERROR;
				CLANG_WARN_DOCUMENTATION_COMMENTS = YES;
				CLANG_WARN_EMPTY_BODY = YES;
				CLANG_WARN_ENUM_CONVERSION = YES;
				CLANG_WARN_INFINITE_RECURSION = YES;
				CLANG_WARN_INT_CONVERSION = YES;
				CLANG_WARN_NON_LITERAL_NULL_CONVERSION = YES;
				CLANG_WARN_OBJC_IMPLICIT_RETAIN_SELF = YES;
				CLANG_WARN_OBJC_LITERAL_CONVERSION = YES;
				CLANG_WARN_OBJC_ROOT_CLASS = YES_ERROR;
				CLANG_WARN_RANGE_LOOP_ANALYSIS = YES;
				CLANG_WARN_STRICT_PROTOTYPES = YES;
				CLANG_WARN_SUSPICIOUS_MOVE = YES;
				CLANG_WARN_UNGUARDED_AVAILABILITY = YES_AGGRESSIVE;
				CLANG_WARN_UNREACHABLE_CODE = YES;
				CLANG_WARN__DUPLICATE_METHOD_MATCH = YES;
				CODE_SIGN_IDENTITY = "iPhone Developer";
				COPY_PHASE_STRIP = NO;
				DEBUG_INFORMATION_FORMAT = "dwarf-with-dsym";
				ENABLE_NS_ASSERTIONS = NO;
				ENABLE_STRICT_OBJC_MSGSEND = YES;
				GCC_C_LANGUAGE_STANDARD = gnu11;
				GCC_NO_COMMON_BLOCKS = YES;
				GCC_WARN_64_TO_32_BIT_CONVERSION = YES;
				GCC_WARN_ABOUT_RETURN_TYPE = YES_ERROR;
				GCC_WARN_UNDECLARED_SELECTOR = YES;
				GCC_WARN_UNINITIALIZED_AUTOS = YES_AGGRESSIVE;
				GCC_WARN_UNUSED_FUNCTION = YES;
				GCC_WARN_UNUSED_VARIABLE = YES;
				IPHONEOS_DEPLOYMENT_TARGET = 12.0;
				MTL_ENABLE_DEBUG_INFO = NO;
				MTL_FAST_MATH = YES;
				SDKROOT = iphoneos;
				SWIFT_COMPILATION_MODE = wholemodule;
				SWIFT_OPTIMIZATION_LEVEL = "-O";
				VALIDATE_PRODUCT = YES;
			};
			name = Release;
		};
		4646378B216FDE4C00E7FF73 /* Debug */ = {
			isa = XCBuildConfiguration;
			baseConfigurationReference = 33A2B89DE9E21538434BD640 /* Pods-LambdaTimeline.debug.xcconfig */;
			buildSettings = {
				ASSETCATALOG_COMPILER_APPICON_NAME = AppIcon;
				CODE_SIGN_STYLE = Automatic;
				DEVELOPMENT_TEAM = VXUQXR6S56;
				INFOPLIST_FILE = "$(SRCROOT)/LambdaTimeline/Resources/Info.plist";
				IPHONEOS_DEPLOYMENT_TARGET = 13.0;
				LD_RUNPATH_SEARCH_PATHS = (
					"$(inherited)",
					"@executable_path/Frameworks",
				);
				PRODUCT_BUNDLE_IDENTIFIER = com.vicishaweddy.timeline;
				PRODUCT_NAME = "$(TARGET_NAME)";
				SWIFT_OBJC_BRIDGING_HEADER = "LambdaTimeline/Objective-C Bridge/LambdaTimeline-Bridging-Header.h";
				SWIFT_VERSION = 4.2;
				TARGETED_DEVICE_FAMILY = "1,2";
			};
			name = Debug;
		};
		4646378C216FDE4C00E7FF73 /* Release */ = {
			isa = XCBuildConfiguration;
			baseConfigurationReference = 5D2CCD6C68779B0A70AC37FA /* Pods-LambdaTimeline.release.xcconfig */;
			buildSettings = {
				ASSETCATALOG_COMPILER_APPICON_NAME = AppIcon;
				CODE_SIGN_STYLE = Automatic;
				DEVELOPMENT_TEAM = VXUQXR6S56;
				INFOPLIST_FILE = "$(SRCROOT)/LambdaTimeline/Resources/Info.plist";
				IPHONEOS_DEPLOYMENT_TARGET = 13.0;
				LD_RUNPATH_SEARCH_PATHS = (
					"$(inherited)",
					"@executable_path/Frameworks",
				);
				PRODUCT_BUNDLE_IDENTIFIER = com.vicishaweddy.timeline;
				PRODUCT_NAME = "$(TARGET_NAME)";
				SWIFT_OBJC_BRIDGING_HEADER = "LambdaTimeline/Objective-C Bridge/LambdaTimeline-Bridging-Header.h";
				SWIFT_VERSION = 4.2;
				TARGETED_DEVICE_FAMILY = "1,2";
			};
			name = Release;
		};
/* End XCBuildConfiguration section */

/* Begin XCConfigurationList section */
		46463773216FDE4B00E7FF73 /* Build configuration list for PBXProject "LambdaTimeline" */ = {
			isa = XCConfigurationList;
			buildConfigurations = (
				46463788216FDE4C00E7FF73 /* Debug */,
				46463789216FDE4C00E7FF73 /* Release */,
			);
			defaultConfigurationIsVisible = 0;
			defaultConfigurationName = Release;
		};
		4646378A216FDE4C00E7FF73 /* Build configuration list for PBXNativeTarget "LambdaTimeline" */ = {
			isa = XCConfigurationList;
			buildConfigurations = (
				4646378B216FDE4C00E7FF73 /* Debug */,
				4646378C216FDE4C00E7FF73 /* Release */,
			);
			defaultConfigurationIsVisible = 0;
			defaultConfigurationName = Release;
		};
/* End XCConfigurationList section */
	};
	rootObject = 46463770216FDE4B00E7FF73 /* Project object */;
}
